// !$*UTF8*$!
{
	archiveVersion = 1;
	classes = {
	};
	objectVersion = 46;
	objects = {

/* Begin PBXBuildFile section */
		2F0413DF1D54224B007B2502 /* main.m in Sources */ = {isa = PBXBuildFile; fileRef = 2F0413DE1D54224B007B2502 /* main.m */; };
		2F0413E21D54224B007B2502 /* AppDelegate.m in Sources */ = {isa = PBXBuildFile; fileRef = 2F0413E11D54224B007B2502 /* AppDelegate.m */; };
		2F0413E81D54224B007B2502 /* Main.storyboard in Resources */ = {isa = PBXBuildFile; fileRef = 2F0413E61D54224B007B2502 /* Main.storyboard */; };
		2F0413EA1D54224B007B2502 /* Assets.xcassets in Resources */ = {isa = PBXBuildFile; fileRef = 2F0413E91D54224B007B2502 /* Assets.xcassets */; };
		2F0413ED1D54224B007B2502 /* LaunchScreen.storyboard in Resources */ = {isa = PBXBuildFile; fileRef = 2F0413EB1D54224B007B2502 /* LaunchScreen.storyboard */; };
		2F0413F61D542268007B2502 /* MainVController.m in Sources */ = {isa = PBXBuildFile; fileRef = 2F0413F51D542268007B2502 /* MainVController.m */; };
		2F0413F91D543167007B2502 /* DetailChooseViewController.m in Sources */ = {isa = PBXBuildFile; fileRef = 2F0413F81D543167007B2502 /* DetailChooseViewController.m */; };
		2F0413FB1D543968007B2502 /* select.png in Resources */ = {isa = PBXBuildFile; fileRef = 2F0413FA1D543968007B2502 /* select.png */; };
		2F0413FE1D54632E007B2502 /* cancel.png in Resources */ = {isa = PBXBuildFile; fileRef = 2F0413FC1D54632E007B2502 /* cancel.png */; };
		2F0413FF1D54632E007B2502 /* confir.png in Resources */ = {isa = PBXBuildFile; fileRef = 2F0413FD1D54632E007B2502 /* confir.png */; };
		2F0414031D547BFD007B2502 /* delete.png in Resources */ = {isa = PBXBuildFile; fileRef = 2F0414021D547BFD007B2502 /* delete.png */; };
		2F0414061D548602007B2502 /* ChooseProView.m in Sources */ = {isa = PBXBuildFile; fileRef = 2F0414051D548602007B2502 /* ChooseProView.m */; };
		2F130A8B1D59A8040062B318 /* DataModel.m in Sources */ = {isa = PBXBuildFile; fileRef = 2F130A8A1D59A8040062B318 /* DataModel.m */; };
/* End PBXBuildFile section */

/* Begin PBXFileReference section */
		2F0413DA1D54224B007B2502 /* YX_SelectView.app */ = {isa = PBXFileReference; explicitFileType = wrapper.application; includeInIndex = 0; path = YX_SelectView.app; sourceTree = BUILT_PRODUCTS_DIR; };
		2F0413DE1D54224B007B2502 /* main.m */ = {isa = PBXFileReference; lastKnownFileType = sourcecode.c.objc; path = main.m; sourceTree = "<group>"; };
		2F0413E01D54224B007B2502 /* AppDelegate.h */ = {isa = PBXFileReference; lastKnownFileType = sourcecode.c.h; path = AppDelegate.h; sourceTree = "<group>"; };
		2F0413E11D54224B007B2502 /* AppDelegate.m */ = {isa = PBXFileReference; lastKnownFileType = sourcecode.c.objc; path = AppDelegate.m; sourceTree = "<group>"; };
		2F0413E71D54224B007B2502 /* Base */ = {isa = PBXFileReference; lastKnownFileType = file.storyboard; name = Base; path = Base.lproj/Main.storyboard; sourceTree = "<group>"; };
		2F0413E91D54224B007B2502 /* Assets.xcassets */ = {isa = PBXFileReference; lastKnownFileType = folder.assetcatalog; path = Assets.xcassets; sourceTree = "<group>"; };
		2F0413EC1D54224B007B2502 /* Base */ = {isa = PBXFileReference; lastKnownFileType = file.storyboard; name = Base; path = Base.lproj/LaunchScreen.storyboard; sourceTree = "<group>"; };
		2F0413EE1D54224B007B2502 /* Info.plist */ = {isa = PBXFileReference; lastKnownFileType = text.plist.xml; path = Info.plist; sourceTree = "<group>"; };
		2F0413F41D542268007B2502 /* MainVController.h */ = {isa = PBXFileReference; fileEncoding = 4; lastKnownFileType = sourcecode.c.h; path = MainVController.h; sourceTree = "<group>"; };
		2F0413F51D542268007B2502 /* MainVController.m */ = {isa = PBXFileReference; fileEncoding = 4; lastKnownFileType = sourcecode.c.objc; path = MainVController.m; sourceTree = "<group>"; };
		2F0413F71D543167007B2502 /* DetailChooseViewController.h */ = {isa = PBXFileReference; fileEncoding = 4; lastKnownFileType = sourcecode.c.h; path = DetailChooseViewController.h; sourceTree = "<group>"; };
		2F0413F81D543167007B2502 /* DetailChooseViewController.m */ = {isa = PBXFileReference; fileEncoding = 4; lastKnownFileType = sourcecode.c.objc; path = DetailChooseViewController.m; sourceTree = "<group>"; };
		2F0413FA1D543968007B2502 /* select.png */ = {isa = PBXFileReference; lastKnownFileType = image.png; path = select.png; sourceTree = "<group>"; };
		2F0413FC1D54632E007B2502 /* cancel.png */ = {isa = PBXFileReference; lastKnownFileType = image.png; path = cancel.png; sourceTree = "<group>"; };
		2F0413FD1D54632E007B2502 /* confir.png */ = {isa = PBXFileReference; lastKnownFileType = image.png; path = confir.png; sourceTree = "<group>"; };
		2F0414021D547BFD007B2502 /* delete.png */ = {isa = PBXFileReference; lastKnownFileType = image.png; path = delete.png; sourceTree = "<group>"; };
		2F0414041D548602007B2502 /* ChooseProView.h */ = {isa = PBXFileReference; fileEncoding = 4; lastKnownFileType = sourcecode.c.h; path = ChooseProView.h; sourceTree = "<group>"; };
		2F0414051D548602007B2502 /* ChooseProView.m */ = {isa = PBXFileReference; fileEncoding = 4; lastKnownFileType = sourcecode.c.objc; path = ChooseProView.m; sourceTree = "<group>"; };
		2F130A891D59A8040062B318 /* DataModel.h */ = {isa = PBXFileReference; fileEncoding = 4; lastKnownFileType = sourcecode.c.h; path = DataModel.h; sourceTree = "<group>"; };
		2F130A8A1D59A8040062B318 /* DataModel.m */ = {isa = PBXFileReference; fileEncoding = 4; lastKnownFileType = sourcecode.c.objc; path = DataModel.m; sourceTree = "<group>"; };
/* End PBXFileReference section */

/* Begin PBXFrameworksBuildPhase section */
		2F0413D71D54224B007B2502 /* Frameworks */ = {
			isa = PBXFrameworksBuildPhase;
			buildActionMask = 2147483647;
			files = (
			);
			runOnlyForDeploymentPostprocessing = 0;
		};
/* End PBXFrameworksBuildPhase section */

/* Begin PBXGroup section */
		2F0413D11D54224B007B2502 = {
			isa = PBXGroup;
			children = (
				2F0413DC1D54224B007B2502 /* YX_SelectView */,
				2F0413DB1D54224B007B2502 /* Products */,
			);
			sourceTree = "<group>";
		};
		2F0413DB1D54224B007B2502 /* Products */ = {
			isa = PBXGroup;
			children = (
				2F0413DA1D54224B007B2502 /* YX_SelectView.app */,
			);
			name = Products;
			sourceTree = "<group>";
		};
		2F0413DC1D54224B007B2502 /* YX_SelectView */ = {
			isa = PBXGroup;
			children = (
				2F0414021D547BFD007B2502 /* delete.png */,
				2F0413FC1D54632E007B2502 /* cancel.png */,
				2F0413FD1D54632E007B2502 /* confir.png */,
				2F0413FA1D543968007B2502 /* select.png */,
				2F0413E01D54224B007B2502 /* AppDelegate.h */,
				2F0413E11D54224B007B2502 /* AppDelegate.m */,
				2F0413F41D542268007B2502 /* MainVController.h */,
				2F0413F51D542268007B2502 /* MainVController.m */,
				2F0414041D548602007B2502 /* ChooseProView.h */,
				2F0414051D548602007B2502 /* ChooseProView.m */,
				2F0413F71D543167007B2502 /* DetailChooseViewController.h */,
				2F0413F81D543167007B2502 /* DetailChooseViewController.m */,
				2F130A891D59A8040062B318 /* DataModel.h */,
				2F130A8A1D59A8040062B318 /* DataModel.m */,
				2F0413E61D54224B007B2502 /* Main.storyboard */,
				2F0413E91D54224B007B2502 /* Assets.xcassets */,
				2F0413EB1D54224B007B2502 /* LaunchScreen.storyboard */,
				2F0413EE1D54224B007B2502 /* Info.plist */,
				2F0413DD1D54224B007B2502 /* Supporting Files */,
			);
			path = YX_SelectView;
			sourceTree = "<group>";
		};
		2F0413DD1D54224B007B2502 /* Supporting Files */ = {
			isa = PBXGroup;
			children = (
				2F0413DE1D54224B007B2502 /* main.m */,
			);
			name = "Supporting Files";
			sourceTree = "<group>";
		};
/* End PBXGroup section */

/* Begin PBXNativeTarget section */
		2F0413D91D54224B007B2502 /* YX_SelectView */ = {
			isa = PBXNativeTarget;
			buildConfigurationList = 2F0413F11D54224B007B2502 /* Build configuration list for PBXNativeTarget "YX_SelectView" */;
			buildPhases = (
				2F0413D61D54224B007B2502 /* Sources */,
				2F0413D71D54224B007B2502 /* Frameworks */,
				2F0413D81D54224B007B2502 /* Resources */,
			);
			buildRules = (
			);
			dependencies = (
			);
			name = YX_SelectView;
			productName = YX_SelectView;
			productReference = 2F0413DA1D54224B007B2502 /* YX_SelectView.app */;
			productType = "com.apple.product-type.application";
		};
/* End PBXNativeTarget section */

/* Begin PBXProject section */
		2F0413D21D54224B007B2502 /* Project object */ = {
			isa = PBXProject;
			attributes = {
				LastUpgradeCheck = 0730;
				ORGANIZATIONNAME = poplary;
				TargetAttributes = {
					2F0413D91D54224B007B2502 = {
						CreatedOnToolsVersion = 7.3.1;
					};
				};
			};
			buildConfigurationList = 2F0413D51D54224B007B2502 /* Build configuration list for PBXProject "YX_SelectView" */;
			compatibilityVersion = "Xcode 3.2";
			developmentRegion = English;
			hasScannedForEncodings = 0;
			knownRegions = (
				en,
				Base,
			);
			mainGroup = 2F0413D11D54224B007B2502;
			productRefGroup = 2F0413DB1D54224B007B2502 /* Products */;
			projectDirPath = "";
			projectRoot = "";
			targets = (
				2F0413D91D54224B007B2502 /* YX_SelectView */,
			);
		};
/* End PBXProject section */

/* Begin PBXResourcesBuildPhase section */
		2F0413D81D54224B007B2502 /* Resources */ = {
			isa = PBXResourcesBuildPhase;
			buildActionMask = 2147483647;
			files = (
				2F0413FF1D54632E007B2502 /* confir.png in Resources */,
				2F0413ED1D54224B007B2502 /* LaunchScreen.storyboard in Resources */,
				2F0413FB1D543968007B2502 /* select.png in Resources */,
				2F0413EA1D54224B007B2502 /* Assets.xcassets in Resources */,
				2F0414031D547BFD007B2502 /* delete.png in Resources */,
				2F0413FE1D54632E007B2502 /* cancel.png in Resources */,
				2F0413E81D54224B007B2502 /* Main.storyboard in Resources */,
			);
			runOnlyForDeploymentPostprocessing = 0;
		};
/* End PBXResourcesBuildPhase section */

/* Begin PBXSourcesBuildPhase section */
		2F0413D61D54224B007B2502 /* Sources */ = {
			isa = PBXSourcesBuildPhase;
			buildActionMask = 2147483647;
			files = (
				2F0413F61D542268007B2502 /* MainVController.m in Sources */,
				2F0413E21D54224B007B2502 /* AppDelegate.m in Sources */,
				2F0413F91D543167007B2502 /* DetailChooseViewController.m in Sources */,
				2F0414061D548602007B2502 /* ChooseProView.m in Sources */,
				2F0413DF1D54224B007B2502 /* main.m in Sources */,
				2F130A8B1D59A8040062B318 /* DataModel.m in Sources */,
			);
			runOnlyForDeploymentPostprocessing = 0;
		};
/* End PBXSourcesBuildPhase section */

/* Begin PBXVariantGroup section */
		2F0413E61D54224B007B2502 /* Main.storyboard */ = {
			isa = PBXVariantGroup;
			children = (
				2F0413E71D54224B007B2502 /* Base */,
			);
			name = Main.storyboard;
			sourceTree = "<group>";
		};
		2F0413EB1D54224B007B2502 /* LaunchScreen.storyboard */ = {
			isa = PBXVariantGroup;
			children = (
				2F0413EC1D54224B007B2502 /* Base */,
			);
			name = LaunchScreen.storyboard;
			sourceTree = "<group>";
		};
/* End PBXVariantGroup section */

/* Begin XCBuildConfiguration section */
		2F0413EF1D54224B007B2502 /* Debug */ = {
			isa = XCBuildConfiguration;
			buildSettings = {
				ALWAYS_SEARCH_USER_PATHS = NO;
				CLANG_ANALYZER_NONNULL = YES;
				CLANG_CXX_LANGUAGE_STANDARD = "gnu++0x";
				CLANG_CXX_LIBRARY = "libc++";
				CLANG_ENABLE_MODULES = YES;
				CLANG_ENABLE_OBJC_ARC = YES;
				CLANG_WARN_BOOL_CONVERSION = YES;
				CLANG_WARN_CONSTANT_CONVERSION = YES;
				CLANG_WARN_DIRECT_OBJC_ISA_USAGE = YES_ERROR;
				CLANG_WARN_EMPTY_BODY = YES;
				CLANG_WARN_ENUM_CONVERSION = YES;
				CLANG_WARN_INT_CONVERSION = YES;
				CLANG_WARN_OBJC_ROOT_CLASS = YES_ERROR;
				CLANG_WARN_UNREACHABLE_CODE = YES;
				CLANG_WARN__DUPLICATE_METHOD_MATCH = YES;
				"CODE_SIGN_IDENTITY[sdk=iphoneos*]" = "iPhone Developer";
				COPY_PHASE_STRIP = NO;
				DEBUG_INFORMATION_FORMAT = dwarf;
				ENABLE_STRICT_OBJC_MSGSEND = YES;
				ENABLE_TESTABILITY = YES;
				GCC_C_LANGUAGE_STANDARD = gnu99;
				GCC_DYNAMIC_NO_PIC = NO;
				GCC_NO_COMMON_BLOCKS = YES;
				GCC_OPTIMIZATION_LEVEL = 0;
				GCC_PREPROCESSOR_DEFINITIONS = (
					"DEBUG=1",
					"$(inherited)",
				);
				GCC_WARN_64_TO_32_BIT_CONVERSION = YES;
				GCC_WARN_ABOUT_RETURN_TYPE = YES_ERROR;
				GCC_WARN_UNDECLARED_SELECTOR = YES;
				GCC_WARN_UNINITIALIZED_AUTOS = YES_AGGRESSIVE;
				GCC_WARN_UNUSED_FUNCTION = YES;
				GCC_WARN_UNUSED_VARIABLE = YES;
				IPHONEOS_DEPLOYMENT_TARGET = 9.3;
				MTL_ENABLE_DEBUG_INFO = YES;
				ONLY_ACTIVE_ARCH = YES;
				SDKROOT = iphoneos;
			};
			name = Debug;
		};
		2F0413F01D54224B007B2502 /* Release */ = {
			isa = XCBuildConfiguration;
			buildSettings = {
				ALWAYS_SEARCH_USER_PATHS = NO;
				CLANG_ANALYZER_NONNULL = YES;
				CLANG_CXX_LANGUAGE_STANDARD = "gnu++0x";
				CLANG_CXX_LIBRARY = "libc++";
				CLANG_ENABLE_MODULES = YES;
				CLANG_ENABLE_OBJC_ARC = YES;
				CLANG_WARN_BOOL_CONVERSION = YES;
				CLANG_WARN_CONSTANT_CONVERSION = YES;
				CLANG_WARN_DIRECT_OBJC_ISA_USAGE = YES_ERROR;
				CLANG_WARN_EMPTY_BODY = YES;
				CLANG_WARN_ENUM_CONVERSION = YES;
				CLANG_WARN_INT_CONVERSION = YES;
				CLANG_WARN_OBJC_ROOT_CLASS = YES_ERROR;
				CLANG_WARN_UNREACHABLE_CODE = YES;
				CLANG_WARN__DUPLICATE_METHOD_MATCH = YES;
				"CODE_SIGN_IDENTITY[sdk=iphoneos*]" = "iPhone Developer";
				COPY_PHASE_STRIP = NO;
				DEBUG_INFORMATION_FORMAT = "dwarf-with-dsym";
				ENABLE_NS_ASSERTIONS = NO;
				ENABLE_STRICT_OBJC_MSGSEND = YES;
				GCC_C_LANGUAGE_STANDARD = gnu99;
				GCC_NO_COMMON_BLOCKS = YES;
				GCC_WARN_64_TO_32_BIT_CONVERSION = YES;
				GCC_WARN_ABOUT_RETURN_TYPE = YES_ERROR;
				GCC_WARN_UNDECLARED_SELECTOR = YES;
				GCC_WARN_UNINITIALIZED_AUTOS = YES_AGGRESSIVE;
				GCC_WARN_UNUSED_FUNCTION = YES;
				GCC_WARN_UNUSED_VARIABLE = YES;
				IPHONEOS_DEPLOYMENT_TARGET = 9.3;
				MTL_ENABLE_DEBUG_INFO = NO;
				SDKROOT = iphoneos;
				VALIDATE_PRODUCT = YES;
			};
			name = Release;
		};
		2F0413F21D54224B007B2502 /* Debug */ = {
			isa = XCBuildConfiguration;
			buildSettings = {
				ASSETCATALOG_COMPILER_APPICON_NAME = AppIcon;
				INFOPLIST_FILE = YX_SelectView/Info.plist;
				IPHONEOS_DEPLOYMENT_TARGET = 9.3;
				LD_RUNPATH_SEARCH_PATHS = "$(inherited) @executable_path/Frameworks";
				PRODUCT_BUNDLE_IDENTIFIER = "cn.poplary.YX-SelectView";
				PRODUCT_NAME = "$(TARGET_NAME)";
			};
			name = Debug;
		};
		2F0413F31D54224B007B2502 /* Release */ = {
			isa = XCBuildConfiguration;
			buildSettings = {
				ASSETCATALOG_COMPILER_APPICON_NAME = AppIcon;
				INFOPLIST_FILE = YX_SelectView/Info.plist;
				IPHONEOS_DEPLOYMENT_TARGET = 9.3;
				LD_RUNPATH_SEARCH_PATHS = "$(inherited) @executable_path/Frameworks";
				PRODUCT_BUNDLE_IDENTIFIER = "cn.poplary.YX-SelectView";
				PRODUCT_NAME = "$(TARGET_NAME)";
			};
			name = Release;
		};
/* End XCBuildConfiguration section */

/* Begin XCConfigurationList section */
		2F0413D51D54224B007B2502 /* Build configuration list for PBXProject "YX_SelectView" */ = {
			isa = XCConfigurationList;
			buildConfigurations = (
				2F0413EF1D54224B007B2502 /* Debug */,
				2F0413F01D54224B007B2502 /* Release */,
			);
			defaultConfigurationIsVisible = 0;
			defaultConfigurationName = Release;
		};
		2F0413F11D54224B007B2502 /* Build configuration list for PBXNativeTarget "YX_SelectView" */ = {
			isa = XCConfigurationList;
			buildConfigurations = (
				2F0413F21D54224B007B2502 /* Debug */,
				2F0413F31D54224B007B2502 /* Release */,
			);
			defaultConfigurationIsVisible = 0;
			defaultConfigurationName = Release;
		};
/* End XCConfigurationList section */
	};
	rootObject = 2F0413D21D54224B007B2502 /* Project object */;
}
